
Microsoft Visual Studio Solution File, Format Version 12.00
# Visual Studio Version 16
VisualStudioVersion = 16.0.30011.22
MinimumVisualStudioVersion = 10.0.40219.1
Project("{FAE04EC0-301F-11D3-BF4B-00C04F79EFBC}") = "webApi4", "webApi4\webApi4.csproj", "{40221E2B-1F7C-49E5-9A8F-7FBEAE52950A}"
EndProject
Global
	GlobalSection(SolutionConfigurationPlatforms) = preSolution
		Debug|Any CPU = Debug|Any CPU
		Release|Any CPU = Release|Any CPU
	EndGlobalSection
	GlobalSection(ProjectConfigurationPlatforms) = postSolution
		{40221E2B-1F7C-49E5-9A8F-7FBEAE52950A}.Debug|Any CPU.ActiveCfg = Debug|Any CPU
		{40221E2B-1F7C-49E5-9A8F-7FBEAE52950A}.Debug|Any CPU.Build.0 = Debug|Any CPU
		{40221E2B-1F7C-49E5-9A8F-7FBEAE52950A}.Release|Any CPU.ActiveCfg = Release|Any CPU
		{40221E2B-1F7C-49E5-9A8F-7FBEAE52950A}.Release|Any CPU.Build.0 = Release|Any CPU
	EndGlobalSection
	GlobalSection(SolutionProperties) = preSolution
		HideSolutionNode = FALSE
	EndGlobalSection
	GlobalSection(ExtensibilityGlobals) = postSolution
		SolutionGuid = {99BEA86F-D5A3-4B11-A8C0-94D64279550B}
	EndGlobalSection
EndGlobal
